# This file was autogenerated by Stack.
# You should not edit this file by hand.
# For more information, please see the documentation at:
#   https://docs.haskellstack.org/en/stable/topics/lock_files

packages:
- completed:
    hackage: clash-ghc-1.8.2@sha256:a5e5fe902fbc02f2fc825e13855b9e57bbc782928bc1820c29d3faabaa8457bb,9802
    pantry-tree:
      sha256: 4fe213f3b0cd01164a41bcccfc3a4804b1fbaa82042597374e18a1165feb1c23
      size: 6237
  original:
    hackage: clash-ghc-1.8.2@sha256:a5e5fe902fbc02f2fc825e13855b9e57bbc782928bc1820c29d3faabaa8457bb,9802
- completed:
    hackage: clash-lib-1.8.2@sha256:bf494184c73cdb27016ce61d471a2ba3d3959703e576dda3181d85431fba47e2,15721
    pantry-tree:
      sha256: 71d14d7d2ca66d8ed0a79bca555132c77fb7f24a3e73e893d5517aa7f9e3d6b9
      size: 23796
  original:
    hackage: clash-lib-1.8.2@sha256:bf494184c73cdb27016ce61d471a2ba3d3959703e576dda3181d85431fba47e2,15721
- completed:
    hackage: clash-prelude-1.8.2@sha256:a9409f93aa7806a4fb4d39efc7fae78f638cfd0e9bd57140adf04e0f2fcc27bf,17871
    pantry-tree:
      sha256: a019d0ff991b7c6dbd5d760fb2550b0ff165f631a7bc4c6d1ba81f1beb0f655a
      size: 13729
  original:
    hackage: clash-prelude-1.8.2@sha256:a9409f93aa7806a4fb4d39efc7fae78f638cfd0e9bd57140adf04e0f2fcc27bf,17871
- completed:
    hackage: clash-prelude-hedgehog-1.8.2@sha256:4ffc0a4897a60cfae1bee5feaa946be652942bcdd624b3bf153b4596754ddd0b,1410
    pantry-tree:
      sha256: 55d70528a074a2818a44c2956d7619fd3879108dad5456daa78523148b812d61
      size: 735
  original:
    hackage: clash-prelude-hedgehog-1.8.2@sha256:4ffc0a4897a60cfae1bee5feaa946be652942bcdd624b3bf153b4596754ddd0b,1410
- completed:
    hackage: prettyprinter-interp-0.2.0.0@sha256:69c339a95b265dab9b3478ca19ec96952b6b472bd0ff6e2127112a9562362c1d,2086
    pantry-tree:
      sha256: 72ec39fe4a40e437e7c0d3efba1f97c4e4e860a7b5503f31d185cef389c9c6e1
      size: 300
  original:
    hackage: prettyprinter-interp-0.2.0.0@sha256:69c339a95b265dab9b3478ca19ec96952b6b472bd0ff6e2127112a9562362c1d,2086
- completed:
    hackage: circuit-notation-0.1.0.0@sha256:bd0c416b5e0766006bbd7a07b1ce3f6a7f35b84216a4d77172362d3de8b960c9,1321
    pantry-tree:
      sha256: ca3915d5b3a7e2c782dbea059e48f7224f14be6c137d177e06c5509bf165540f
      size: 492
  original:
    hackage: circuit-notation-0.1.0.0@sha256:bd0c416b5e0766006bbd7a07b1ce3f6a7f35b84216a4d77172362d3de8b960c9
- completed:
    commit: febb041c32fa678e7ddb7d0e976516a5c56b03fc
    git: https://github.com/clash-lang/clash-protocols.git
    name: clash-protocols
    pantry-tree:
      sha256: d4d16d980b58be25f52a5791258552542aa662f5bb871558d3a66ebe1625e62b
      size: 4414
    subdir: clash-protocols
    version: '0.1'
  original:
    commit: febb041c32fa678e7ddb7d0e976516a5c56b03fc
    git: https://github.com/clash-lang/clash-protocols.git
    subdir: clash-protocols
- completed:
    commit: febb041c32fa678e7ddb7d0e976516a5c56b03fc
    git: https://github.com/clash-lang/clash-protocols.git
    name: clash-protocols-base
    pantry-tree:
      sha256: 83c3a5482d00313301fa2d2ce89348f028bd729fc027b127f6a0460776a7a5a4
      size: 803
    subdir: clash-protocols-base
    version: '0.1'
  original:
    commit: febb041c32fa678e7ddb7d0e976516a5c56b03fc
    git: https://github.com/clash-lang/clash-protocols.git
    subdir: clash-protocols-base
snapshots:
- completed:
    sha256: 08bd13ce621b41a8f5e51456b38d5b46d7783ce114a50ab604d6bbab0d002146
    size: 720271
    url: https://raw.githubusercontent.com/commercialhaskell/stackage-snapshots/master/lts/22/43.yaml
  original: lts-22.43
